
Microsoft Visual Studio Solution File, Format Version 12.00
# Visual Studio Version 16
VisualStudioVersion = 16.0.29519.87
MinimumVisualStudioVersion = 10.0.40219.1
Project("{FAE04EC0-301F-11D3-BF4B-00C04F79EFBC}") = "projeto_teste", "projeto_teste\projeto_teste.csproj", "{D60B8C40-A63B-4D70-948C-31624D46341E}"
EndProject
Global
	GlobalSection(SolutionConfigurationPlatforms) = preSolution
		Debug|Any CPU = Debug|Any CPU
		Release|Any CPU = Release|Any CPU
	EndGlobalSection
	GlobalSection(ProjectConfigurationPlatforms) = postSolution
		{D60B8C40-A63B-4D70-948C-31624D46341E}.Debug|Any CPU.ActiveCfg = Debug|Any CPU
		{D60B8C40-A63B-4D70-948C-31624D46341E}.Debug|Any CPU.Build.0 = Debug|Any CPU
		{D60B8C40-A63B-4D70-948C-31624D46341E}.Release|Any CPU.ActiveCfg = Release|Any CPU
		{D60B8C40-A63B-4D70-948C-31624D46341E}.Release|Any CPU.Build.0 = Release|Any CPU
	EndGlobalSection
	GlobalSection(SolutionProperties) = preSolution
		HideSolutionNode = FALSE
	EndGlobalSection
	GlobalSection(ExtensibilityGlobals) = postSolution
		SolutionGuid = {CAFE51E4-3392-4C27-A2CF-28460134478C}
	EndGlobalSection
EndGlobal
